PODS:
  - airbridge-ios-sdk (4.9.3)
  - airbridge_flutter_sdk (4.9.0):
    - airbridge-ios-sdk (= 4.9.3)
    - Flutter
  - Auth0 (2.10.0):
    - JWTDecode (= 3.2.0)
    - SimpleKeychain (= 1.2.0)
  - auth0_flutter (1.14.0):
    - Auth0 (= 2.10.0)
    - Flutter
    - FlutterMacOS
    - JWTDecode (= 3.2.0)
    - SimpleKeychain (= 1.2.0)
  - Flutter (1.0.0)
  - flutter_image_compress_common (1.0.0):
    - Flutter
    - Mantle
    - SDWebImage
    - SDWebImageWebPCoder
  - flutter_inappwebview_ios (0.0.1):
    - Flutter
    - flutter_inappwebview_ios/Core (= 0.0.1)
    - OrderedSet (~> 6.0.3)
  - flutter_inappwebview_ios/Core (0.0.1):
    - Flutter
    - OrderedSet (~> 6.0.3)
  - image_gallery_saver_plus (0.0.1):
    - Flutter
  - JWTDecode (3.2.0)
  - libwebp (1.5.0):
    - libwebp/demux (= 1.5.0)
    - libwebp/mux (= 1.5.0)
    - libwebp/sharpyuv (= 1.5.0)
    - libwebp/webp (= 1.5.0)
  - libwebp/demux (1.5.0):
    - libwebp/webp
  - libwebp/mux (1.5.0):
    - libwebp/demux
  - libwebp/sharpyuv (1.5.0)
  - libwebp/webp (1.5.0):
    - libwebp/sharpyuv
  - Mantle (2.2.0):
    - Mantle/extobjc (= 2.2.0)
  - Mantle/extobjc (2.2.0)
  - OrderedSet (6.0.3)
  - SDWebImage (5.21.7):
    - SDWebImage/Core (= 5.21.7)
  - SDWebImage/Core (5.21.7)
  - SDWebImageWebPCoder (0.15.0):
    - libwebp (~> 1.0)
    - SDWebImage/Core (~> 5.17)
  - SimpleKeychain (1.2.0)

DEPENDENCIES:
  - airbridge_flutter_sdk (from `.symlinks/plugins/airbridge_flutter_sdk/ios`)
  - auth0_flutter (from `.symlinks/plugins/auth0_flutter/darwin`)
  - Flutter (from `Flutter`)
  - flutter_image_compress_common (from `.symlinks/plugins/flutter_image_compress_common/ios`)
  - flutter_inappwebview_ios (from `.symlinks/plugins/flutter_inappwebview_ios/ios`)
  - image_gallery_saver_plus (from `.symlinks/plugins/image_gallery_saver_plus/ios`)

SPEC REPOS:
  trunk:
    - airbridge-ios-sdk
    - Auth0
    - JWTDecode
    - libwebp
    - Mantle
    - OrderedSet
    - SDWebImage
    - SDWebImageWebPCoder
    - SimpleKeychain

EXTERNAL SOURCES:
  airbridge_flutter_sdk:
    :path: ".symlinks/plugins/airbridge_flutter_sdk/ios"
  auth0_flutter:
    :path: ".symlinks/plugins/auth0_flutter/darwin"
  Flutter:
    :path: Flutter
  flutter_image_compress_common:
    :path: ".symlinks/plugins/flutter_image_compress_common/ios"
  flutter_inappwebview_ios:
    :path: ".symlinks/plugins/flutter_inappwebview_ios/ios"
  image_gallery_saver_plus:
    :path: ".symlinks/plugins/image_gallery_saver_plus/ios"

SPEC CHECKSUMS:
  airbridge-ios-sdk: 6049688ddcfafa85da5ab35b943430c3309ca97b
  airbridge_flutter_sdk: 31632f81cacf04d55acc4e6ef17f536e389a8d0c
  Auth0: 2876d0c36857422eda9cb580a6cc896c7d14cb36
  auth0_flutter: 031042ca6cf84f1b21611062b33ea7ec4bf3bc52
  Flutter: 71a624a5bc0c04062bf19101d501e466baf2fb47
  flutter_image_compress_common: 1697a328fd72bfb335507c6bca1a65fa5ad87df1
  flutter_inappwebview_ios: b89ba3482b96fb25e00c967aae065701b66e9b99
  image_gallery_saver_plus: e597bf65a7846979417a3eae0763b71b6dfec6c3
  JWTDecode: 7dae24cb9bf9b608eae61e5081029ec169bb5527
  libwebp: 02b23773aedb6ff1fd38cec7a77b81414c6842a8
  Mantle: c5aa8794a29a022dfbbfc9799af95f477a69b62d
  OrderedSet: e539b66b644ff081c73a262d24ad552a69be3a94
  SDWebImage: e9fc87c1aab89a8ab1bbd74eba378c6f53be8abf
  SDWebImageWebPCoder: 0e06e365080397465cc73a7a9b472d8a3bd0f377
  SimpleKeychain: 768cf43ae778b1c21816e94dddf01bb8ee96a075

PODFILE CHECKSUM: d93c32cc7d677c987ce520e85932c4ff335f3ec2

COCOAPODS: 1.16.2
